
Microsoft Visual Studio Solution File, Format Version 12.00
# Visual Studio Version 17
VisualStudioVersion = 17.8.34408.163
MinimumVisualStudioVersion = 10.0.40219.1
Project("{FAE04EC0-301F-11D3-BF4B-00C04F79EFBC}") = "modul10_1302220121", "modul10_1302220121.csproj", "{77B84515-D045-4EC2-B3B8-46868E70658B}"
EndProject
Global
	GlobalSection(SolutionConfigurationPlatforms) = preSolution
		Debug|Any CPU = Debug|Any CPU
		Release|Any CPU = Release|Any CPU
	EndGlobalSection
	GlobalSection(ProjectConfigurationPlatforms) = postSolution
		{77B84515-D045-4EC2-B3B8-46868E70658B}.Debug|Any CPU.ActiveCfg = Debug|Any CPU
		{77B84515-D045-4EC2-B3B8-46868E70658B}.Debug|Any CPU.Build.0 = Debug|Any CPU
		{77B84515-D045-4EC2-B3B8-46868E70658B}.Release|Any CPU.ActiveCfg = Release|Any CPU
		{77B84515-D045-4EC2-B3B8-46868E70658B}.Release|Any CPU.Build.0 = Release|Any CPU
	EndGlobalSection
	GlobalSection(SolutionProperties) = preSolution
		HideSolutionNode = FALSE
	EndGlobalSection
	GlobalSection(ExtensibilityGlobals) = postSolution
		SolutionGuid = {4BF00DB2-A972-44C5-AC37-4B617F6599AF}
	EndGlobalSection
EndGlobal
